
Microsoft Visual Studio Solution File, Format Version 12.00
# Visual Studio Version 16
VisualStudioVersion = 16.0.30523.141
MinimumVisualStudioVersion = 10.0.40219.1
Project("{FAE04EC0-301F-11D3-BF4B-00C04F79EFBC}") = "BlogApp", "BlogApp\BlogApp.csproj", "{1C0B928A-8E33-4C3E-9196-9F0FA7C10351}"
EndProject
Global
	GlobalSection(SolutionConfigurationPlatforms) = preSolution
		Debug|Any CPU = Debug|Any CPU
		Release|Any CPU = Release|Any CPU
	EndGlobalSection
	GlobalSection(ProjectConfigurationPlatforms) = postSolution
		{1C0B928A-8E33-4C3E-9196-9F0FA7C10351}.Debug|Any CPU.ActiveCfg = Debug|Any CPU
		{1C0B928A-8E33-4C3E-9196-9F0FA7C10351}.Debug|Any CPU.Build.0 = Debug|Any CPU
		{1C0B928A-8E33-4C3E-9196-9F0FA7C10351}.Release|Any CPU.ActiveCfg = Release|Any CPU
		{1C0B928A-8E33-4C3E-9196-9F0FA7C10351}.Release|Any CPU.Build.0 = Release|Any CPU
	EndGlobalSection
	GlobalSection(SolutionProperties) = preSolution
		HideSolutionNode = FALSE
	EndGlobalSection
	GlobalSection(ExtensibilityGlobals) = postSolution
		SolutionGuid = {9C0F89FB-BF55-4104-9737-2203FCA62C6F}
	EndGlobalSection
EndGlobal
